// !$*UTF8*$!
{
	archiveVersion = 1;
	classes = {
	};
	objectVersion = 50;
	objects = {

/* Begin PBXBuildFile section */
		61CC4CA02238172B00A34E83 /* AppDelegate.swift in Sources */ = {isa = PBXBuildFile; fileRef = 61CC4C9F2238172B00A34E83 /* AppDelegate.swift */; };
		61CC4CA22238172B00A34E83 /* PostsViewController.swift in Sources */ = {isa = PBXBuildFile; fileRef = 61CC4CA12238172B00A34E83 /* PostsViewController.swift */; };
		61CC4CA52238172B00A34E83 /* Main.storyboard in Resources */ = {isa = PBXBuildFile; fileRef = 61CC4CA32238172B00A34E83 /* Main.storyboard */; };
		61CC4CA72238172C00A34E83 /* Assets.xcassets in Resources */ = {isa = PBXBuildFile; fileRef = 61CC4CA62238172C00A34E83 /* Assets.xcassets */; };
		61CC4CAA2238172C00A34E83 /* LaunchScreen.storyboard in Resources */ = {isa = PBXBuildFile; fileRef = 61CC4CA82238172C00A34E83 /* LaunchScreen.storyboard */; };
		61CC4CB5223821CC00A34E83 /* PostTableViewCell.swift in Sources */ = {isa = PBXBuildFile; fileRef = 61CC4CB3223821CC00A34E83 /* PostTableViewCell.swift */; };
		61CC4CB6223821CC00A34E83 /* PostTableViewCell.xib in Resources */ = {isa = PBXBuildFile; fileRef = 61CC4CB4223821CC00A34E83 /* PostTableViewCell.xib */; };
		61CC4CB92238253200A34E83 /* Constants.swift in Sources */ = {isa = PBXBuildFile; fileRef = 61CC4CB82238253200A34E83 /* Constants.swift */; };
/* End PBXBuildFile section */

/* Begin PBXFileReference section */
		61CC4C9C2238172B00A34E83 /* PostsList.app */ = {isa = PBXFileReference; explicitFileType = wrapper.application; includeInIndex = 0; path = PostsList.app; sourceTree = BUILT_PRODUCTS_DIR; };
		61CC4C9F2238172B00A34E83 /* AppDelegate.swift */ = {isa = PBXFileReference; lastKnownFileType = sourcecode.swift; path = AppDelegate.swift; sourceTree = "<group>"; };
		61CC4CA12238172B00A34E83 /* PostsViewController.swift */ = {isa = PBXFileReference; lastKnownFileType = sourcecode.swift; path = PostsViewController.swift; sourceTree = "<group>"; };
		61CC4CA42238172B00A34E83 /* Base */ = {isa = PBXFileReference; lastKnownFileType = file.storyboard; name = Base; path = Base.lproj/Main.storyboard; sourceTree = "<group>"; };
		61CC4CA62238172C00A34E83 /* Assets.xcassets */ = {isa = PBXFileReference; lastKnownFileType = folder.assetcatalog; path = Assets.xcassets; sourceTree = "<group>"; };
		61CC4CA92238172C00A34E83 /* Base */ = {isa = PBXFileReference; lastKnownFileType = file.storyboard; name = Base; path = Base.lproj/LaunchScreen.storyboard; sourceTree = "<group>"; };
		61CC4CAB2238172C00A34E83 /* Info.plist */ = {isa = PBXFileReference; lastKnownFileType = text.plist.xml; path = Info.plist; sourceTree = "<group>"; };
		61CC4CB3223821CC00A34E83 /* PostTableViewCell.swift */ = {isa = PBXFileReference; lastKnownFileType = sourcecode.swift; path = PostTableViewCell.swift; sourceTree = "<group>"; };
		61CC4CB4223821CC00A34E83 /* PostTableViewCell.xib */ = {isa = PBXFileReference; lastKnownFileType = file.xib; path = PostTableViewCell.xib; sourceTree = "<group>"; };
		61CC4CB82238253200A34E83 /* Constants.swift */ = {isa = PBXFileReference; lastKnownFileType = sourcecode.swift; path = Constants.swift; sourceTree = "<group>"; };
/* End PBXFileReference section */

/* Begin PBXFrameworksBuildPhase section */
		61CC4C992238172B00A34E83 /* Frameworks */ = {
			isa = PBXFrameworksBuildPhase;
			buildActionMask = 2147483647;
			files = (
			);
			runOnlyForDeploymentPostprocessing = 0;
		};
/* End PBXFrameworksBuildPhase section */

/* Begin PBXGroup section */
		61CC4C932238172A00A34E83 = {
			isa = PBXGroup;
			children = (
				61CC4C9E2238172B00A34E83 /* PostsList */,
				61CC4C9D2238172B00A34E83 /* Products */,
			);
			sourceTree = "<group>";
		};
		61CC4C9D2238172B00A34E83 /* Products */ = {
			isa = PBXGroup;
			children = (
				61CC4C9C2238172B00A34E83 /* PostsList.app */,
			);
			name = Products;
			sourceTree = "<group>";
		};
		61CC4C9E2238172B00A34E83 /* PostsList */ = {
			isa = PBXGroup;
			children = (
				61CC4CB72238252500A34E83 /* Util */,
				61CC4CB2223821A900A34E83 /* Views */,
				61CC4CB12238180400A34E83 /* Controllers */,
				61CC4C9F2238172B00A34E83 /* AppDelegate.swift */,
				61CC4CA32238172B00A34E83 /* Main.storyboard */,
				61CC4CA62238172C00A34E83 /* Assets.xcassets */,
				61CC4CA82238172C00A34E83 /* LaunchScreen.storyboard */,
				61CC4CAB2238172C00A34E83 /* Info.plist */,
			);
			path = PostsList;
			sourceTree = "<group>";
		};
		61CC4CB12238180400A34E83 /* Controllers */ = {
			isa = PBXGroup;
			children = (
				61CC4CA12238172B00A34E83 /* PostsViewController.swift */,
			);
			path = Controllers;
			sourceTree = "<group>";
		};
		61CC4CB2223821A900A34E83 /* Views */ = {
			isa = PBXGroup;
			children = (
				61CC4CB3223821CC00A34E83 /* PostTableViewCell.swift */,
				61CC4CB4223821CC00A34E83 /* PostTableViewCell.xib */,
			);
			path = Views;
			sourceTree = "<group>";
		};
		61CC4CB72238252500A34E83 /* Util */ = {
			isa = PBXGroup;
			children = (
				61CC4CB82238253200A34E83 /* Constants.swift */,
			);
			path = Util;
			sourceTree = "<group>";
		};
/* End PBXGroup section */

/* Begin PBXNativeTarget section */
		61CC4C9B2238172B00A34E83 /* PostsList */ = {
			isa = PBXNativeTarget;
			buildConfigurationList = 61CC4CAE2238172C00A34E83 /* Build configuration list for PBXNativeTarget "PostsList" */;
			buildPhases = (
				61CC4C982238172B00A34E83 /* Sources */,
				61CC4C992238172B00A34E83 /* Frameworks */,
				61CC4C9A2238172B00A34E83 /* Resources */,
			);
			buildRules = (
			);
			dependencies = (
			);
			name = PostsList;
			productName = PostsList;
			productReference = 61CC4C9C2238172B00A34E83 /* PostsList.app */;
			productType = "com.apple.product-type.application";
		};
/* End PBXNativeTarget section */

/* Begin PBXProject section */
		61CC4C942238172A00A34E83 /* Project object */ = {
			isa = PBXProject;
			attributes = {
				LastSwiftUpdateCheck = 1010;
				LastUpgradeCheck = 1010;
				ORGANIZATIONNAME = "Alaa Eljatib Etmaz Alsebaei";
				TargetAttributes = {
					61CC4C9B2238172B00A34E83 = {
						CreatedOnToolsVersion = 10.1;
					};
				};
			};
			buildConfigurationList = 61CC4C972238172A00A34E83 /* Build configuration list for PBXProject "PostsList" */;
			compatibilityVersion = "Xcode 9.3";
			developmentRegion = en;
			hasScannedForEncodings = 0;
			knownRegions = (
				en,
				Base,
			);
			mainGroup = 61CC4C932238172A00A34E83;
			productRefGroup = 61CC4C9D2238172B00A34E83 /* Products */;
			projectDirPath = "";
			projectRoot = "";
			targets = (
				61CC4C9B2238172B00A34E83 /* PostsList */,
			);
		};
/* End PBXProject section */

/* Begin PBXResourcesBuildPhase section */
		61CC4C9A2238172B00A34E83 /* Resources */ = {
			isa = PBXResourcesBuildPhase;
			buildActionMask = 2147483647;
			files = (
				61CC4CAA2238172C00A34E83 /* LaunchScreen.storyboard in Resources */,
				61CC4CA72238172C00A34E83 /* Assets.xcassets in Resources */,
				61CC4CA52238172B00A34E83 /* Main.storyboard in Resources */,
				61CC4CB6223821CC00A34E83 /* PostTableViewCell.xib in Resources */,
			);
			runOnlyForDeploymentPostprocessing = 0;
		};
/* End PBXResourcesBuildPhase section */

/* Begin PBXSourcesBuildPhase section */
		61CC4C982238172B00A34E83 /* Sources */ = {
			isa = PBXSourcesBuildPhase;
			buildActionMask = 2147483647;
			files = (
				61CC4CA22238172B00A34E83 /* PostsViewController.swift in Sources */,
				61CC4CA02238172B00A34E83 /* AppDelegate.swift in Sources */,
				61CC4CB5223821CC00A34E83 /* PostTableViewCell.swift in Sources */,
				61CC4CB92238253200A34E83 /* Constants.swift in Sources */,
			);
			runOnlyForDeploymentPostprocessing = 0;
		};
/* End PBXSourcesBuildPhase section */

/* Begin PBXVariantGroup section */
		61CC4CA32238172B00A34E83 /* Main.storyboard */ = {
			isa = PBXVariantGroup;
			children = (
				61CC4CA42238172B00A34E83 /* Base */,
			);
			name = Main.storyboard;
			sourceTree = "<group>";
		};
		61CC4CA82238172C00A34E83 /* LaunchScreen.storyboard */ = {
			isa = PBXVariantGroup;
			children = (
				61CC4CA92238172C00A34E83 /* Base */,
			);
			name = LaunchScreen.storyboard;
			sourceTree = "<group>";
		};
/* End PBXVariantGroup section */

/* Begin XCBuildConfiguration section */
		61CC4CAC2238172C00A34E83 /* Debug */ = {
			isa = XCBuildConfiguration;
			buildSettings = {
				ALWAYS_SEARCH_USER_PATHS = NO;
				CLANG_ANALYZER_NONNULL = YES;
				CLANG_ANALYZER_NUMBER_OBJECT_CONVERSION = YES_AGGRESSIVE;
				CLANG_CXX_LANGUAGE_STANDARD = "gnu++14";
				CLANG_CXX_LIBRARY = "libc++";
				CLANG_ENABLE_MODULES = YES;
				CLANG_ENABLE_OBJC_ARC = YES;
				CLANG_ENABLE_OBJC_WEAK = YES;
				CLANG_WARN_BLOCK_CAPTURE_AUTORELEASING = YES;
				CLANG_WARN_BOOL_CONVERSION = YES;
				CLANG_WARN_COMMA = YES;
				CLANG_WARN_CONSTANT_CONVERSION = YES;
				CLANG_WARN_DEPRECATED_OBJC_IMPLEMENTATIONS = YES;
				CLANG_WARN_DIRECT_OBJC_ISA_USAGE = YES_ERROR;
				CLANG_WARN_DOCUMENTATION_COMMENTS = YES;
				CLANG_WARN_EMPTY_BODY = YES;
				CLANG_WARN_ENUM_CONVERSION = YES;
				CLANG_WARN_INFINITE_RECURSION = YES;
				CLANG_WARN_INT_CONVERSION = YES;
				CLANG_WARN_NON_LITERAL_NULL_CONVERSION = YES;
				CLANG_WARN_OBJC_IMPLICIT_RETAIN_SELF = YES;
				CLANG_WARN_OBJC_LITERAL_CONVERSION = YES;
				CLANG_WARN_OBJC_ROOT_CLASS = YES_ERROR;
				CLANG_WARN_RANGE_LOOP_ANALYSIS = YES;
				CLANG_WARN_STRICT_PROTOTYPES = YES;
				CLANG_WARN_SUSPICIOUS_MOVE = YES;
				CLANG_WARN_UNGUARDED_AVAILABILITY = YES_AGGRESSIVE;
				CLANG_WARN_UNREACHABLE_CODE = YES;
				CLANG_WARN__DUPLICATE_METHOD_MATCH = YES;
				CODE_SIGN_IDENTITY = "iPhone Developer";
				COPY_PHASE_STRIP = NO;
				DEBUG_INFORMATION_FORMAT = dwarf;
				ENABLE_STRICT_OBJC_MSGSEND = YES;
				ENABLE_TESTABILITY = YES;
				GCC_C_LANGUAGE_STANDARD = gnu11;
				GCC_DYNAMIC_NO_PIC = NO;
				GCC_NO_COMMON_BLOCKS = YES;
				GCC_OPTIMIZATION_LEVEL = 0;
				GCC_PREPROCESSOR_DEFINITIONS = (
					"DEBUG=1",
					"$(inherited)",
				);
				GCC_WARN_64_TO_32_BIT_CONVERSION = YES;
				GCC_WARN_ABOUT_RETURN_TYPE = YES_ERROR;
				GCC_WARN_UNDECLARED_SELECTOR = YES;
				GCC_WARN_UNINITIALIZED_AUTOS = YES_AGGRESSIVE;
				GCC_WARN_UNUSED_FUNCTION = YES;
				GCC_WARN_UNUSED_VARIABLE = YES;
				IPHONEOS_DEPLOYMENT_TARGET = 12.1;
				MTL_ENABLE_DEBUG_INFO = INCLUDE_SOURCE;
				MTL_FAST_MATH = YES;
				ONLY_ACTIVE_ARCH = YES;
				SDKROOT = iphoneos;
				SWIFT_ACTIVE_COMPILATION_CONDITIONS = DEBUG;
				SWIFT_OPTIMIZATION_LEVEL = "-Onone";
			};
			name = Debug;
		};
		61CC4CAD2238172C00A34E83 /* Release */ = {
			isa = XCBuildConfiguration;
			buildSettings = {
				ALWAYS_SEARCH_USER_PATHS = NO;
				CLANG_ANALYZER_NONNULL = YES;
				CLANG_ANALYZER_NUMBER_OBJECT_CONVERSION = YES_AGGRESSIVE;
				CLANG_CXX_LANGUAGE_STANDARD = "gnu++14";
				CLANG_CXX_LIBRARY = "libc++";
				CLANG_ENABLE_MODULES = YES;
				CLANG_ENABLE_OBJC_ARC = YES;
				CLANG_ENABLE_OBJC_WEAK = YES;
				CLANG_WARN_BLOCK_CAPTURE_AUTORELEASING = YES;
				CLANG_WARN_BOOL_CONVERSION = YES;
				CLANG_WARN_COMMA = YES;
				CLANG_WARN_CONSTANT_CONVERSION = YES;
				CLANG_WARN_DEPRECATED_OBJC_IMPLEMENTATIONS = YES;
				CLANG_WARN_DIRECT_OBJC_ISA_USAGE = YES_ERROR;
				CLANG_WARN_DOCUMENTATION_COMMENTS = YES;
				CLANG_WARN_EMPTY_BODY = YES;
				CLANG_WARN_ENUM_CONVERSION = YES;
				CLANG_WARN_INFINITE_RECURSION = YES;
				CLANG_WARN_INT_CONVERSION = YES;
				CLANG_WARN_NON_LITERAL_NULL_CONVERSION = YES;
				CLANG_WARN_OBJC_IMPLICIT_RETAIN_SELF = YES;
				CLANG_WARN_OBJC_LITERAL_CONVERSION = YES;
				CLANG_WARN_OBJC_ROOT_CLASS = YES_ERROR;
				CLANG_WARN_RANGE_LOOP_ANALYSIS = YES;
				CLANG_WARN_STRICT_PROTOTYPES = YES;
				CLANG_WARN_SUSPICIOUS_MOVE = YES;
				CLANG_WARN_UNGUARDED_AVAILABILITY = YES_AGGRESSIVE;
				CLANG_WARN_UNREACHABLE_CODE = YES;
				CLANG_WARN__DUPLICATE_METHOD_MATCH = YES;
				CODE_SIGN_IDENTITY = "iPhone Developer";
				COPY_PHASE_STRIP = NO;
				DEBUG_INFORMATION_FORMAT = "dwarf-with-dsym";
				ENABLE_NS_ASSERTIONS = NO;
				ENABLE_STRICT_OBJC_MSGSEND = YES;
				GCC_C_LANGUAGE_STANDARD = gnu11;
				GCC_NO_COMMON_BLOCKS = YES;
				GCC_WARN_64_TO_32_BIT_CONVERSION = YES;
				GCC_WARN_ABOUT_RETURN_TYPE = YES_ERROR;
				GCC_WARN_UNDECLARED_SELECTOR = YES;
				GCC_WARN_UNINITIALIZED_AUTOS = YES_AGGRESSIVE;
				GCC_WARN_UNUSED_FUNCTION = YES;
				GCC_WARN_UNUSED_VARIABLE = YES;
				IPHONEOS_DEPLOYMENT_TARGET = 12.1;
				MTL_ENABLE_DEBUG_INFO = NO;
				MTL_FAST_MATH = YES;
				SDKROOT = iphoneos;
				SWIFT_COMPILATION_MODE = wholemodule;
				SWIFT_OPTIMIZATION_LEVEL = "-O";
				VALIDATE_PRODUCT = YES;
			};
			name = Release;
		};
		61CC4CAF2238172C00A34E83 /* Debug */ = {
			isa = XCBuildConfiguration;
			buildSettings = {
				ASSETCATALOG_COMPILER_APPICON_NAME = AppIcon;
				CODE_SIGN_STYLE = Automatic;
				INFOPLIST_FILE = PostsList/Info.plist;
				LD_RUNPATH_SEARCH_PATHS = (
					"$(inherited)",
					"@executable_path/Frameworks",
				);
				PRODUCT_BUNDLE_IDENTIFIER = Alaa.PostsList;
				PRODUCT_NAME = "$(TARGET_NAME)";
				SWIFT_VERSION = 4.2;
				TARGETED_DEVICE_FAMILY = "1,2";
			};
			name = Debug;
		};
		61CC4CB02238172C00A34E83 /* Release */ = {
			isa = XCBuildConfiguration;
			buildSettings = {
				ASSETCATALOG_COMPILER_APPICON_NAME = AppIcon;
				CODE_SIGN_STYLE = Automatic;
				INFOPLIST_FILE = PostsList/Info.plist;
				LD_RUNPATH_SEARCH_PATHS = (
					"$(inherited)",
					"@executable_path/Frameworks",
				);
				PRODUCT_BUNDLE_IDENTIFIER = Alaa.PostsList;
				PRODUCT_NAME = "$(TARGET_NAME)";
				SWIFT_VERSION = 4.2;
				TARGETED_DEVICE_FAMILY = "1,2";
			};
			name = Release;
		};
/* End XCBuildConfiguration section */

/* Begin XCConfigurationList section */
		61CC4C972238172A00A34E83 /* Build configuration list for PBXProject "PostsList" */ = {
			isa = XCConfigurationList;
			buildConfigurations = (
				61CC4CAC2238172C00A34E83 /* Debug */,
				61CC4CAD2238172C00A34E83 /* Release */,
			);
			defaultConfigurationIsVisible = 0;
			defaultConfigurationName = Release;
		};
		61CC4CAE2238172C00A34E83 /* Build configuration list for PBXNativeTarget "PostsList" */ = {
			isa = XCConfigurationList;
			buildConfigurations = (
				61CC4CAF2238172C00A34E83 /* Debug */,
				61CC4CB02238172C00A34E83 /* Release */,
			);
			defaultConfigurationIsVisible = 0;
			defaultConfigurationName = Release;
		};
/* End XCConfigurationList section */
	};
	rootObject = 61CC4C942238172A00A34E83 /* Project object */;
}
